
Microsoft Visual Studio Solution File, Format Version 12.00
# Visual Studio 15
VisualStudioVersion = 15.0.28307.329
MinimumVisualStudioVersion = 10.0.40219.1
Project("{8BC9CEB8-8B4A-11D0-8D11-00A0C91BC942}") = "lab01", "lab01\lab01.vcxproj", "{E5D6BD72-6310-401A-9B82-D744EA3DBD54}"
EndProject
Project("{8BC9CEB8-8B4A-11D0-8D11-00A0C91BC942}") = "lab02", "lab02\lab02.vcxproj", "{8FB0A03B-2763-48E0-9F55-7D4544C00E34}"
EndProject
Project("{8BC9CEB8-8B4A-11D0-8D11-00A0C91BC942}") = "lab03", "lab03\lab03.vcxproj", "{B7009C55-BDCD-47BD-A081-B003D04FDCFA}"
EndProject
Project("{8BC9CEB8-8B4A-11D0-8D11-00A0C91BC942}") = "lab04", "lab04\lab04.vcxproj", "{8B04DD8E-06CE-475B-ACF7-B186BEFFB4B7}"
EndProject
Project("{8BC9CEB8-8B4A-11D0-8D11-00A0C91BC942}") = "lab05", "lab05\lab05.vcxproj", "{4118F924-226C-465A-ACCA-78AC65791154}"
EndProject
Project("{8BC9CEB8-8B4A-11D0-8D11-00A0C91BC942}") = "lab06", "lab06\lab06.vcxproj", "{04562432-775D-4960-8298-19479F669671}"
EndProject
Project("{8BC9CEB8-8B4A-11D0-8D11-00A0C91BC942}") = "lab08.3", "lab09.3\lab09.3.vcxproj", "{FDCD7621-8839-4F4B-AFD7-560D83A32D1C}"
EndProject
Project("{8BC9CEB8-8B4A-11D0-8D11-00A0C91BC942}") = "lab08.4", "lab08.4\lab08.4.vcxproj", "{A12BF7BF-2F23-4796-9F80-31F0BDAE9140}"
EndProject
Project("{8BC9CEB8-8B4A-11D0-8D11-00A0C91BC942}") = "lab07.1", "lab07.1\lab07.1.vcxproj", "{05E2077C-3D45-4B98-8B6F-4415C588B5DD}"
EndProject
Project("{8BC9CEB8-8B4A-11D0-8D11-00A0C91BC942}") = "lab09", "lab09\lab09.vcxproj", "{AC09CB3B-E29A-40C9-931E-F0B2E384FC3E}"
EndProject
Project("{8BC9CEB8-8B4A-11D0-8D11-00A0C91BC942}") = "lab07.3", "lab07.3\lab07.3.vcxproj", "{8A0E2760-C363-4E0E-A7B6-3ED7470352EE}"
EndProject
Project("{8BC9CEB8-8B4A-11D0-8D11-00A0C91BC942}") = "lab07.4", "lab07.4\lab07.4.vcxproj", "{36FA714D-8953-429C-BA21-A56E82C7B8FD}"
EndProject
Project("{8BC9CEB8-8B4A-11D0-8D11-00A0C91BC942}") = "lab07.5", "lab07.5\lab07.5.vcxproj", "{70CF1897-0E19-4536-933A-87B10953853E}"
EndProject
Project("{8BC9CEB8-8B4A-11D0-8D11-00A0C91BC942}") = "lab07.6", "lab07.6\lab07.6.vcxproj", "{3C5B60C9-1A27-48E0-851B-D86083B89BF0}"
EndProject
Project("{8BC9CEB8-8B4A-11D0-8D11-00A0C91BC942}") = "lab07.2", "lab07.2\lab07.2.vcxproj", "{4029E05C-97FC-4628-A450-7299F53B9E42}"
EndProject
Global
	GlobalSection(SolutionConfigurationPlatforms) = preSolution
		Debug|x64 = Debug|x64
		Debug|x86 = Debug|x86
		Release|x64 = Release|x64
		Release|x86 = Release|x86
	EndGlobalSection
	GlobalSection(ProjectConfigurationPlatforms) = postSolution
		{E5D6BD72-6310-401A-9B82-D744EA3DBD54}.Debug|x64.ActiveCfg = Debug|x64
		{E5D6BD72-6310-401A-9B82-D744EA3DBD54}.Debug|x64.Build.0 = Debug|x64
		{E5D6BD72-6310-401A-9B82-D744EA3DBD54}.Debug|x86.ActiveCfg = Debug|Win32
		{E5D6BD72-6310-401A-9B82-D744EA3DBD54}.Debug|x86.Build.0 = Debug|Win32
		{E5D6BD72-6310-401A-9B82-D744EA3DBD54}.Release|x64.ActiveCfg = Release|x64
		{E5D6BD72-6310-401A-9B82-D744EA3DBD54}.Release|x64.Build.0 = Release|x64
		{E5D6BD72-6310-401A-9B82-D744EA3DBD54}.Release|x86.ActiveCfg = Release|Win32
		{E5D6BD72-6310-401A-9B82-D744EA3DBD54}.Release|x86.Build.0 = Release|Win32
		{8FB0A03B-2763-48E0-9F55-7D4544C00E34}.Debug|x64.ActiveCfg = Debug|x64
		{8FB0A03B-2763-48E0-9F55-7D4544C00E34}.Debug|x64.Build.0 = Debug|x64
		{8FB0A03B-2763-48E0-9F55-7D4544C00E34}.Debug|x86.ActiveCfg = Debug|Win32
		{8FB0A03B-2763-48E0-9F55-7D4544C00E34}.Debug|x86.Build.0 = Debug|Win32
		{8FB0A03B-2763-48E0-9F55-7D4544C00E34}.Release|x64.ActiveCfg = Release|x64
		{8FB0A03B-2763-48E0-9F55-7D4544C00E34}.Release|x64.Build.0 = Release|x64
		{8FB0A03B-2763-48E0-9F55-7D4544C00E34}.Release|x86.ActiveCfg = Release|Win32
		{8FB0A03B-2763-48E0-9F55-7D4544C00E34}.Release|x86.Build.0 = Release|Win32
		{B7009C55-BDCD-47BD-A081-B003D04FDCFA}.Debug|x64.ActiveCfg = Debug|x64
		{B7009C55-BDCD-47BD-A081-B003D04FDCFA}.Debug|x64.Build.0 = Debug|x64
		{B7009C55-BDCD-47BD-A081-B003D04FDCFA}.Debug|x86.ActiveCfg = Debug|Win32
		{B7009C55-BDCD-47BD-A081-B003D04FDCFA}.Debug|x86.Build.0 = Debug|Win32
		{B7009C55-BDCD-47BD-A081-B003D04FDCFA}.Release|x64.ActiveCfg = Release|x64
		{B7009C55-BDCD-47BD-A081-B003D04FDCFA}.Release|x64.Build.0 = Release|x64
		{B7009C55-BDCD-47BD-A081-B003D04FDCFA}.Release|x86.ActiveCfg = Release|Win32
		{B7009C55-BDCD-47BD-A081-B003D04FDCFA}.Release|x86.Build.0 = Release|Win32
		{8B04DD8E-06CE-475B-ACF7-B186BEFFB4B7}.Debug|x64.ActiveCfg = Debug|x64
		{8B04DD8E-06CE-475B-ACF7-B186BEFFB4B7}.Debug|x64.Build.0 = Debug|x64
		{8B04DD8E-06CE-475B-ACF7-B186BEFFB4B7}.Debug|x86.ActiveCfg = Debug|Win32
		{8B04DD8E-06CE-475B-ACF7-B186BEFFB4B7}.Debug|x86.Build.0 = Debug|Win32
		{8B04DD8E-06CE-475B-ACF7-B186BEFFB4B7}.Release|x64.ActiveCfg = Release|x64
		{8B04DD8E-06CE-475B-ACF7-B186BEFFB4B7}.Release|x64.Build.0 = Release|x64
		{8B04DD8E-06CE-475B-ACF7-B186BEFFB4B7}.Release|x86.ActiveCfg = Release|Win32
		{8B04DD8E-06CE-475B-ACF7-B186BEFFB4B7}.Release|x86.Build.0 = Release|Win32
		{4118F924-226C-465A-ACCA-78AC65791154}.Debug|x64.ActiveCfg = Debug|x64
		{4118F924-226C-465A-ACCA-78AC65791154}.Debug|x64.Build.0 = Debug|x64
		{4118F924-226C-465A-ACCA-78AC65791154}.Debug|x86.ActiveCfg = Debug|Win32
		{4118F924-226C-465A-ACCA-78AC65791154}.Debug|x86.Build.0 = Debug|Win32
		{4118F924-226C-465A-ACCA-78AC65791154}.Release|x64.ActiveCfg = Release|x64
		{4118F924-226C-465A-ACCA-78AC65791154}.Release|x64.Build.0 = Release|x64
		{4118F924-226C-465A-ACCA-78AC65791154}.Release|x86.ActiveCfg = Release|Win32
		{4118F924-226C-465A-ACCA-78AC65791154}.Release|x86.Build.0 = Release|Win32
		{04562432-775D-4960-8298-19479F669671}.Debug|x64.ActiveCfg = Debug|x64
		{04562432-775D-4960-8298-19479F669671}.Debug|x64.Build.0 = Debug|x64
		{04562432-775D-4960-8298-19479F669671}.Debug|x86.ActiveCfg = Debug|Win32
		{04562432-775D-4960-8298-19479F669671}.Debug|x86.Build.0 = Debug|Win32
		{04562432-775D-4960-8298-19479F669671}.Release|x64.ActiveCfg = Release|x64
		{04562432-775D-4960-8298-19479F669671}.Release|x64.Build.0 = Release|x64
		{04562432-775D-4960-8298-19479F669671}.Release|x86.ActiveCfg = Release|Win32
		{04562432-775D-4960-8298-19479F669671}.Release|x86.Build.0 = Release|Win32
		{FDCD7621-8839-4F4B-AFD7-560D83A32D1C}.Debug|x64.ActiveCfg = Debug|x64
		{FDCD7621-8839-4F4B-AFD7-560D83A32D1C}.Debug|x64.Build.0 = Debug|x64
		{FDCD7621-8839-4F4B-AFD7-560D83A32D1C}.Debug|x86.ActiveCfg = Debug|Win32
		{FDCD7621-8839-4F4B-AFD7-560D83A32D1C}.Debug|x86.Build.0 = Debug|Win32
		{FDCD7621-8839-4F4B-AFD7-560D83A32D1C}.Release|x64.ActiveCfg = Release|x64
		{FDCD7621-8839-4F4B-AFD7-560D83A32D1C}.Release|x64.Build.0 = Release|x64
		{FDCD7621-8839-4F4B-AFD7-560D83A32D1C}.Release|x86.ActiveCfg = Release|Win32
		{FDCD7621-8839-4F4B-AFD7-560D83A32D1C}.Release|x86.Build.0 = Release|Win32
		{A12BF7BF-2F23-4796-9F80-31F0BDAE9140}.Debug|x64.ActiveCfg = Debug|x64
		{A12BF7BF-2F23-4796-9F80-31F0BDAE9140}.Debug|x64.Build.0 = Debug|x64
		{A12BF7BF-2F23-4796-9F80-31F0BDAE9140}.Debug|x86.ActiveCfg = Debug|Win32
		{A12BF7BF-2F23-4796-9F80-31F0BDAE9140}.Debug|x86.Build.0 = Debug|Win32
		{A12BF7BF-2F23-4796-9F80-31F0BDAE9140}.Release|x64.ActiveCfg = Release|x64
		{A12BF7BF-2F23-4796-9F80-31F0BDAE9140}.Release|x64.Build.0 = Release|x64
		{A12BF7BF-2F23-4796-9F80-31F0BDAE9140}.Release|x86.ActiveCfg = Release|Win32
		{A12BF7BF-2F23-4796-9F80-31F0BDAE9140}.Release|x86.Build.0 = Release|Win32
		{05E2077C-3D45-4B98-8B6F-4415C588B5DD}.Debug|x64.ActiveCfg = Debug|x64
		{05E2077C-3D45-4B98-8B6F-4415C588B5DD}.Debug|x64.Build.0 = Debug|x64
		{05E2077C-3D45-4B98-8B6F-4415C588B5DD}.Debug|x86.ActiveCfg = Debug|Win32
		{05E2077C-3D45-4B98-8B6F-4415C588B5DD}.Debug|x86.Build.0 = Debug|Win32
		{05E2077C-3D45-4B98-8B6F-4415C588B5DD}.Release|x64.ActiveCfg = Release|x64
		{05E2077C-3D45-4B98-8B6F-4415C588B5DD}.Release|x64.Build.0 = Release|x64
		{05E2077C-3D45-4B98-8B6F-4415C588B5DD}.Release|x86.ActiveCfg = Release|Win32
		{05E2077C-3D45-4B98-8B6F-4415C588B5DD}.Release|x86.Build.0 = Release|Win32
		{AC09CB3B-E29A-40C9-931E-F0B2E384FC3E}.Debug|x64.ActiveCfg = Debug|x64
		{AC09CB3B-E29A-40C9-931E-F0B2E384FC3E}.Debug|x64.Build.0 = Debug|x64
		{AC09CB3B-E29A-40C9-931E-F0B2E384FC3E}.Debug|x86.ActiveCfg = Debug|Win32
		{AC09CB3B-E29A-40C9-931E-F0B2E384FC3E}.Debug|x86.Build.0 = Debug|Win32
		{AC09CB3B-E29A-40C9-931E-F0B2E384FC3E}.Release|x64.ActiveCfg = Release|x64
		{AC09CB3B-E29A-40C9-931E-F0B2E384FC3E}.Release|x64.Build.0 = Release|x64
		{AC09CB3B-E29A-40C9-931E-F0B2E384FC3E}.Release|x86.ActiveCfg = Release|Win32
		{AC09CB3B-E29A-40C9-931E-F0B2E384FC3E}.Release|x86.Build.0 = Release|Win32
		{8A0E2760-C363-4E0E-A7B6-3ED7470352EE}.Debug|x64.ActiveCfg = Debug|x64
		{8A0E2760-C363-4E0E-A7B6-3ED7470352EE}.Debug|x64.Build.0 = Debug|x64
		{8A0E2760-C363-4E0E-A7B6-3ED7470352EE}.Debug|x86.ActiveCfg = Debug|Win32
		{8A0E2760-C363-4E0E-A7B6-3ED7470352EE}.Debug|x86.Build.0 = Debug|Win32
		{8A0E2760-C363-4E0E-A7B6-3ED7470352EE}.Release|x64.ActiveCfg = Release|x64
		{8A0E2760-C363-4E0E-A7B6-3ED7470352EE}.Release|x64.Build.0 = Release|x64
		{8A0E2760-C363-4E0E-A7B6-3ED7470352EE}.Release|x86.ActiveCfg = Release|Win32
		{8A0E2760-C363-4E0E-A7B6-3ED7470352EE}.Release|x86.Build.0 = Release|Win32
		{36FA714D-8953-429C-BA21-A56E82C7B8FD}.Debug|x64.ActiveCfg = Debug|x64
		{36FA714D-8953-429C-BA21-A56E82C7B8FD}.Debug|x64.Build.0 = Debug|x64
		{36FA714D-8953-429C-BA21-A56E82C7B8FD}.Debug|x86.ActiveCfg = Debug|Win32
		{36FA714D-8953-429C-BA21-A56E82C7B8FD}.Debug|x86.Build.0 = Debug|Win32
		{36FA714D-8953-429C-BA21-A56E82C7B8FD}.Release|x64.ActiveCfg = Release|x64
		{36FA714D-8953-429C-BA21-A56E82C7B8FD}.Release|x64.Build.0 = Release|x64
		{36FA714D-8953-429C-BA21-A56E82C7B8FD}.Release|x86.ActiveCfg = Release|Win32
		{36FA714D-8953-429C-BA21-A56E82C7B8FD}.Release|x86.Build.0 = Release|Win32
		{70CF1897-0E19-4536-933A-87B10953853E}.Debug|x64.ActiveCfg = Debug|x64
		{70CF1897-0E19-4536-933A-87B10953853E}.Debug|x64.Build.0 = Debug|x64
		{70CF1897-0E19-4536-933A-87B10953853E}.Debug|x86.ActiveCfg = Debug|Win32
		{70CF1897-0E19-4536-933A-87B10953853E}.Debug|x86.Build.0 = Debug|Win32
		{70CF1897-0E19-4536-933A-87B10953853E}.Release|x64.ActiveCfg = Release|x64
		{70CF1897-0E19-4536-933A-87B10953853E}.Release|x64.Build.0 = Release|x64
		{70CF1897-0E19-4536-933A-87B10953853E}.Release|x86.ActiveCfg = Release|Win32
		{70CF1897-0E19-4536-933A-87B10953853E}.Release|x86.Build.0 = Release|Win32
		{3C5B60C9-1A27-48E0-851B-D86083B89BF0}.Debug|x64.ActiveCfg = Debug|x64
		{3C5B60C9-1A27-48E0-851B-D86083B89BF0}.Debug|x64.Build.0 = Debug|x64
		{3C5B60C9-1A27-48E0-851B-D86083B89BF0}.Debug|x86.ActiveCfg = Debug|Win32
		{3C5B60C9-1A27-48E0-851B-D86083B89BF0}.Debug|x86.Build.0 = Debug|Win32
		{3C5B60C9-1A27-48E0-851B-D86083B89BF0}.Release|x64.ActiveCfg = Release|x64
		{3C5B60C9-1A27-48E0-851B-D86083B89BF0}.Release|x64.Build.0 = Release|x64
		{3C5B60C9-1A27-48E0-851B-D86083B89BF0}.Release|x86.ActiveCfg = Release|Win32
		{3C5B60C9-1A27-48E0-851B-D86083B89BF0}.Release|x86.Build.0 = Release|Win32
		{4029E05C-97FC-4628-A450-7299F53B9E42}.Debug|x64.ActiveCfg = Debug|x64
		{4029E05C-97FC-4628-A450-7299F53B9E42}.Debug|x64.Build.0 = Debug|x64
		{4029E05C-97FC-4628-A450-7299F53B9E42}.Debug|x86.ActiveCfg = Debug|Win32
		{4029E05C-97FC-4628-A450-7299F53B9E42}.Debug|x86.Build.0 = Debug|Win32
		{4029E05C-97FC-4628-A450-7299F53B9E42}.Release|x64.ActiveCfg = Release|x64
		{4029E05C-97FC-4628-A450-7299F53B9E42}.Release|x64.Build.0 = Release|x64
		{4029E05C-97FC-4628-A450-7299F53B9E42}.Release|x86.ActiveCfg = Release|Win32
		{4029E05C-97FC-4628-A450-7299F53B9E42}.Release|x86.Build.0 = Release|Win32
	EndGlobalSection
	GlobalSection(SolutionProperties) = preSolution
		HideSolutionNode = FALSE
	EndGlobalSection
	GlobalSection(ExtensibilityGlobals) = postSolution
		SolutionGuid = {5F687A65-F1B7-48A8-8CAD-1F506D4A8CAD}
	EndGlobalSection
EndGlobal
